<?xml version="1.0" encoding="utf-8"?>
<Project ToolsVersion="4.0" xmlns="http://schemas.microsoft.com/developer/msbuild/2003">
  <ItemGroup>
    <Filter Include="Source Files">
      <UniqueIdentifier>{4FC737F1-C7A5-4376-A066-2A32D752A2FF}</UniqueIdentifier>
      <Extensions>cpp;c;cc;cxx;def;odl;idl;hpj;bat;asm;asmx</Extensions>
    </Filter>
    <Filter Include="Header Files">
      <UniqueIdentifier>{93995380-89BD-4b04-88EB-625FBE52EBFB}</UniqueIdentifier>
      <Extensions>h;hh;hpp;hxx;hm;inl;inc;xsd</Extensions>
    </Filter>
    <Filter Include="Resource Files">
      <UniqueIdentifier>{67DA6AB6-F800-4c08-8B7A-83BB121AAD01}</UniqueIdentifier>
      <Extensions>rc;ico;cur;bmp;dlg;rc2;rct;bin;rgs;gif;jpg;jpeg;jpe;resx;tiff;tif;png;wav</Extensions>
    </Filter>
  </ItemGroup>
  <ItemGroup>
    <ClCompile Include="Main.cpp">
      <Filter>Source Files</Filter>
    </ClCompile>
    <ClCompile Include="board\Node.cpp">
      <Filter>Source Files</Filter>
    </ClCompile>
    <ClCompile Include="board\grid\Vector2D.cpp">
      <Filter>Source Files</Filter>
    </ClCompile>
    <ClCompile Include="managers\GameManager.cpp">
      <Filter>Source Files</Filter>
    </ClCompile>
    <ClCompile Include="managers\InputManager.cpp">
      <Filter>Source Files</Filter>
    </ClCompile>
    <ClCompile Include="managers\RendererManager.cpp">
      <Filter>Source Files</Filter>
    </ClCompile>
    <ClCompile Include="renderers\AppleRenderer.cpp">
      <Filter>Source Files</Filter>
    </ClCompile>
    <ClCompile Include="renderers\BackgroundRenderer.cpp">
      <Filter>Source Files</Filter>
    </ClCompile>
    <ClCompile Include="renderers\ObjectListRenderer.cpp">
      <Filter>Source Files</Filter>
    </ClCompile>
    <ClCompile Include="renderers\Renderer.cpp">
      <Filter>Source Files</Filter>
    </ClCompile>
    <ClCompile Include="renderers\SnakeRenderer.cpp">
      <Filter>Source Files</Filter>
    </ClCompile>
    <ClCompile Include="resourcemanagement\Timer.cpp">
      <Filter>Source Files</Filter>
    </ClCompile>
    <ClCompile Include="sdl\SDLBmp.cpp">
      <Filter>Source Files</Filter>
    </ClCompile>
    <ClCompile Include="sdl\SDLError.cpp">
      <Filter>Source Files</Filter>
    </ClCompile>
    <ClCompile Include="sdl\SDLManager.cpp">
      <Filter>Source Files</Filter>
    </ClCompile>
    <ClCompile Include="sdl\SDLMusic.cpp">
      <Filter>Source Files</Filter>
    </ClCompile>
    <ClCompile Include="sdl\SDLPng.cpp">
      <Filter>Source Files</Filter>
    </ClCompile>
    <ClCompile Include="sdl\SDLSound.cpp">
      <Filter>Source Files</Filter>
    </ClCompile>
    <ClCompile Include="snake\Snake.cpp">
      <Filter>Source Files</Filter>
    </ClCompile>
  </ItemGroup>
  <ItemGroup>
    <ClInclude Include="AssetPaths.h">
      <Filter>Header Files</Filter>
    </ClInclude>
    <ClInclude Include="Direction.h">
      <Filter>Header Files</Filter>
    </ClInclude>
    <ClInclude Include="Specifications.h">
      <Filter>Header Files</Filter>
    </ClInclude>
    <ClInclude Include="board\Node.h">
      <Filter>Header Files</Filter>
    </ClInclude>
    <ClInclude Include="board\grid\Vector2D.h">
      <Filter>Header Files</Filter>
    </ClInclude>
    <ClInclude Include="managers\GameManager.h">
      <Filter>Header Files</Filter>
    </ClInclude>
    <ClInclude Include="managers\InputManager.h">
      <Filter>Header Files</Filter>
    </ClInclude>
    <ClInclude Include="managers\RendererManager.h">
      <Filter>Header Files</Filter>
    </ClInclude>
    <ClInclude Include="renderers\AppleRenderer.h">
      <Filter>Header Files</Filter>
    </ClInclude>
    <ClInclude Include="renderers\BackgroundRenderer.h">
      <Filter>Header Files</Filter>
    </ClInclude>
    <ClInclude Include="renderers\ObjectListRenderer.h">
      <Filter>Header Files</Filter>
    </ClInclude>
    <ClInclude Include="renderers\Renderer.h">
      <Filter>Header Files</Filter>
    </ClInclude>
    <ClInclude Include="renderers\SnakeRenderer.h">
      <Filter>Header Files</Filter>
    </ClInclude>
    <ClInclude Include="resourcemanagement\Timer.h">
      <Filter>Header Files</Filter>
    </ClInclude>
    <ClInclude Include="sdl\SDLBmp.h">
      <Filter>Header Files</Filter>
    </ClInclude>
    <ClInclude Include="sdl\SDLError.h">
      <Filter>Header Files</Filter>
    </ClInclude>
    <ClInclude Include="sdl\SDLManager.h">
      <Filter>Header Files</Filter>
    </ClInclude>
    <ClInclude Include="sdl\SDLMath.h">
      <Filter>Header Files</Filter>
    </ClInclude>
    <ClInclude Include="sdl\SDLMusic.h">
      <Filter>Header Files</Filter>
    </ClInclude>
    <ClInclude Include="sdl\SDLPng.h">
      <Filter>Header Files</Filter>
    </ClInclude>
    <ClInclude Include="sdl\SDLSound.h">
      <Filter>Header Files</Filter>
    </ClInclude>
    <ClInclude Include="sdl\SDLWindow.h">
      <Filter>Header Files</Filter>
    </ClInclude>
    <ClInclude Include="snake\Snake.h">
      <Filter>Header Files</Filter>
    </ClInclude>
  </ItemGroup>
  <ItemGroup>
    <Image Include="assets\gfx\Apple_v1.bmp">
      <Filter>Resource Files</Filter>
    </Image>
    <Image Include="assets\gfx\sdl2.bmp">
      <Filter>Resource Files</Filter>
    </Image>
    <Image Include="assets\gfx\sdl_bro.bmp">
      <Filter>Resource Files</Filter>
    </Image>
    <Image Include="assets\gfx\SnakeBody_v1.bmp">
      <Filter>Resource Files</Filter>
    </Image>
    <Image Include="assets\gfx\SnakeHead_v1.bmp">
      <Filter>Resource Files</Filter>
    </Image>
    <Image Include="assets\gfx\treasure.bmp">
      <Filter>Resource Files</Filter>
    </Image>
    <Image Include="assets\gfx\Apple.png">
      <Filter>Resource Files</Filter>
    </Image>
    <Image Include="assets\gfx\Apple2.png">
      <Filter>Resource Files</Filter>
    </Image>
    <Image Include="assets\gfx\Apple3.png">
      <Filter>Resource Files</Filter>
    </Image>
    <Image Include="assets\gfx\Hole.png">
      <Filter>Resource Files</Filter>
    </Image>
    <Image Include="assets\gfx\Obstacle.png">
      <Filter>Resource Files</Filter>
    </Image>
    <Image Include="assets\gfx\SnakeBoard.png">
      <Filter>Resource Files</Filter>
    </Image>
    <Image Include="assets\gfx\SnakeBody.png">
      <Filter>Resource Files</Filter>
    </Image>
    <Image Include="assets\gfx\SnakeHead.png">
      <Filter>Resource Files</Filter>
    </Image>
    <Image Include="assets\gfx\SnakeTail.png">
      <Filter>Resource Files</Filter>
    </Image>
    <Image Include="png1.png">
      <Filter>Resource Files</Filter>
    </Image>
  </ItemGroup>
  <ItemGroup>
    <Media Include="assets\sfx\bonus.wav">
      <Filter>Resource Files</Filter>
    </Media>
    <Media Include="assets\sfx\eating.wav">
      <Filter>Resource Files</Filter>
    </Media>
    <Media Include="assets\sfx\grunt.wav">
      <Filter>Resource Files</Filter>
    </Media>
    <Media Include="assets\sfx\musicLoop.wav">
      <Filter>Resource Files</Filter>
    </Media>
  </ItemGroup>
</Project>